// !$*UTF8*$!
{
	archiveVersion = 1;
	classes = {
	};
	objectVersion = 50;
	objects = {

/* Begin PBXBuildFile section */
		BB167B7E2592B17300FA10B8 /* PostView.swift in Sources */ = {isa = PBXBuildFile; fileRef = BB167B7D2592B17300FA10B8 /* PostView.swift */; };
		BB167B862592B7F100FA10B8 /* StoriesView.swift in Sources */ = {isa = PBXBuildFile; fileRef = BB167B852592B7F100FA10B8 /* StoriesView.swift */; };
		BB167B8B2592B9E900FA10B8 /* SearchFieldView.swift in Sources */ = {isa = PBXBuildFile; fileRef = BB167B8A2592B9E900FA10B8 /* SearchFieldView.swift */; };
		BB167B902592BABA00FA10B8 /* HeaderView.swift in Sources */ = {isa = PBXBuildFile; fileRef = BB167B8F2592BABA00FA10B8 /* HeaderView.swift */; };
		BBEE89A925924A4100D7D618 /* facebookApp.swift in Sources */ = {isa = PBXBuildFile; fileRef = BBEE89A825924A4100D7D618 /* facebookApp.swift */; };
		BBEE89AB25924A4100D7D618 /* ContentView.swift in Sources */ = {isa = PBXBuildFile; fileRef = BBEE89AA25924A4100D7D618 /* ContentView.swift */; };
		BBEE89AD25924A4200D7D618 /* Assets.xcassets in Resources */ = {isa = PBXBuildFile; fileRef = BBEE89AC25924A4200D7D618 /* Assets.xcassets */; };
		BBEE89B025924A4200D7D618 /* Preview Assets.xcassets in Resources */ = {isa = PBXBuildFile; fileRef = BBEE89AF25924A4200D7D618 /* Preview Assets.xcassets */; };
		BBEE89BB25924A4200D7D618 /* facebookTests.swift in Sources */ = {isa = PBXBuildFile; fileRef = BBEE89BA25924A4200D7D618 /* facebookTests.swift */; };
		BBEE89C625924A4200D7D618 /* facebookUITests.swift in Sources */ = {isa = PBXBuildFile; fileRef = BBEE89C525924A4200D7D618 /* facebookUITests.swift */; };
/* End PBXBuildFile section */

/* Begin PBXContainerItemProxy section */
		BBEE89B725924A4200D7D618 /* PBXContainerItemProxy */ = {
			isa = PBXContainerItemProxy;
			containerPortal = BBEE899D25924A4100D7D618 /* Project object */;
			proxyType = 1;
			remoteGlobalIDString = BBEE89A425924A4100D7D618;
			remoteInfo = facebook;
		};
		BBEE89C225924A4200D7D618 /* PBXContainerItemProxy */ = {
			isa = PBXContainerItemProxy;
			containerPortal = BBEE899D25924A4100D7D618 /* Project object */;
			proxyType = 1;
			remoteGlobalIDString = BBEE89A425924A4100D7D618;
			remoteInfo = facebook;
		};
/* End PBXContainerItemProxy section */

/* Begin PBXFileReference section */
		BB167B7D2592B17300FA10B8 /* PostView.swift */ = {isa = PBXFileReference; lastKnownFileType = sourcecode.swift; path = PostView.swift; sourceTree = "<group>"; };
		BB167B852592B7F100FA10B8 /* StoriesView.swift */ = {isa = PBXFileReference; lastKnownFileType = sourcecode.swift; path = StoriesView.swift; sourceTree = "<group>"; };
		BB167B8A2592B9E900FA10B8 /* SearchFieldView.swift */ = {isa = PBXFileReference; lastKnownFileType = sourcecode.swift; path = SearchFieldView.swift; sourceTree = "<group>"; };
		BB167B8F2592BABA00FA10B8 /* HeaderView.swift */ = {isa = PBXFileReference; lastKnownFileType = sourcecode.swift; path = HeaderView.swift; sourceTree = "<group>"; };
		BBEE89A525924A4100D7D618 /* facebook.app */ = {isa = PBXFileReference; explicitFileType = wrapper.application; includeInIndex = 0; path = facebook.app; sourceTree = BUILT_PRODUCTS_DIR; };
		BBEE89A825924A4100D7D618 /* facebookApp.swift */ = {isa = PBXFileReference; lastKnownFileType = sourcecode.swift; path = facebookApp.swift; sourceTree = "<group>"; };
		BBEE89AA25924A4100D7D618 /* ContentView.swift */ = {isa = PBXFileReference; lastKnownFileType = sourcecode.swift; path = ContentView.swift; sourceTree = "<group>"; };
		BBEE89AC25924A4200D7D618 /* Assets.xcassets */ = {isa = PBXFileReference; lastKnownFileType = folder.assetcatalog; path = Assets.xcassets; sourceTree = "<group>"; };
		BBEE89AF25924A4200D7D618 /* Preview Assets.xcassets */ = {isa = PBXFileReference; lastKnownFileType = folder.assetcatalog; path = "Preview Assets.xcassets"; sourceTree = "<group>"; };
		BBEE89B125924A4200D7D618 /* Info.plist */ = {isa = PBXFileReference; lastKnownFileType = text.plist.xml; path = Info.plist; sourceTree = "<group>"; };
		BBEE89B625924A4200D7D618 /* facebookTests.xctest */ = {isa = PBXFileReference; explicitFileType = wrapper.cfbundle; includeInIndex = 0; path = facebookTests.xctest; sourceTree = BUILT_PRODUCTS_DIR; };
		BBEE89BA25924A4200D7D618 /* facebookTests.swift */ = {isa = PBXFileReference; lastKnownFileType = sourcecode.swift; path = facebookTests.swift; sourceTree = "<group>"; };
		BBEE89BC25924A4200D7D618 /* Info.plist */ = {isa = PBXFileReference; lastKnownFileType = text.plist.xml; path = Info.plist; sourceTree = "<group>"; };
		BBEE89C125924A4200D7D618 /* facebookUITests.xctest */ = {isa = PBXFileReference; explicitFileType = wrapper.cfbundle; includeInIndex = 0; path = facebookUITests.xctest; sourceTree = BUILT_PRODUCTS_DIR; };
		BBEE89C525924A4200D7D618 /* facebookUITests.swift */ = {isa = PBXFileReference; lastKnownFileType = sourcecode.swift; path = facebookUITests.swift; sourceTree = "<group>"; };
		BBEE89C725924A4200D7D618 /* Info.plist */ = {isa = PBXFileReference; lastKnownFileType = text.plist.xml; path = Info.plist; sourceTree = "<group>"; };
/* End PBXFileReference section */

/* Begin PBXFrameworksBuildPhase section */
		BBEE89A225924A4100D7D618 /* Frameworks */ = {
			isa = PBXFrameworksBuildPhase;
			buildActionMask = 2147483647;
			files = (
			);
			runOnlyForDeploymentPostprocessing = 0;
		};
		BBEE89B325924A4200D7D618 /* Frameworks */ = {
			isa = PBXFrameworksBuildPhase;
			buildActionMask = 2147483647;
			files = (
			);
			runOnlyForDeploymentPostprocessing = 0;
		};
		BBEE89BE25924A4200D7D618 /* Frameworks */ = {
			isa = PBXFrameworksBuildPhase;
			buildActionMask = 2147483647;
			files = (
			);
			runOnlyForDeploymentPostprocessing = 0;
		};
/* End PBXFrameworksBuildPhase section */

/* Begin PBXGroup section */
		BB167B7C2592B14400FA10B8 /* views */ = {
			isa = PBXGroup;
			children = (
				BB167B7D2592B17300FA10B8 /* PostView.swift */,
				BB167B852592B7F100FA10B8 /* StoriesView.swift */,
				BB167B8A2592B9E900FA10B8 /* SearchFieldView.swift */,
				BB167B8F2592BABA00FA10B8 /* HeaderView.swift */,
			);
			path = views;
			sourceTree = "<group>";
		};
		BBEE899C25924A4100D7D618 = {
			isa = PBXGroup;
			children = (
				BBEE89A725924A4100D7D618 /* facebook */,
				BBEE89B925924A4200D7D618 /* facebookTests */,
				BBEE89C425924A4200D7D618 /* facebookUITests */,
				BBEE89A625924A4100D7D618 /* Products */,
			);
			sourceTree = "<group>";
		};
		BBEE89A625924A4100D7D618 /* Products */ = {
			isa = PBXGroup;
			children = (
				BBEE89A525924A4100D7D618 /* facebook.app */,
				BBEE89B625924A4200D7D618 /* facebookTests.xctest */,
				BBEE89C125924A4200D7D618 /* facebookUITests.xctest */,
			);
			name = Products;
			sourceTree = "<group>";
		};
		BBEE89A725924A4100D7D618 /* facebook */ = {
			isa = PBXGroup;
			children = (
				BB167B7C2592B14400FA10B8 /* views */,
				BBEE89A825924A4100D7D618 /* facebookApp.swift */,
				BBEE89AA25924A4100D7D618 /* ContentView.swift */,
				BBEE89AC25924A4200D7D618 /* Assets.xcassets */,
				BBEE89B125924A4200D7D618 /* Info.plist */,
				BBEE89AE25924A4200D7D618 /* Preview Content */,
			);
			path = facebook;
			sourceTree = "<group>";
		};
		BBEE89AE25924A4200D7D618 /* Preview Content */ = {
			isa = PBXGroup;
			children = (
				BBEE89AF25924A4200D7D618 /* Preview Assets.xcassets */,
			);
			path = "Preview Content";
			sourceTree = "<group>";
		};
		BBEE89B925924A4200D7D618 /* facebookTests */ = {
			isa = PBXGroup;
			children = (
				BBEE89BA25924A4200D7D618 /* facebookTests.swift */,
				BBEE89BC25924A4200D7D618 /* Info.plist */,
			);
			path = facebookTests;
			sourceTree = "<group>";
		};
		BBEE89C425924A4200D7D618 /* facebookUITests */ = {
			isa = PBXGroup;
			children = (
				BBEE89C525924A4200D7D618 /* facebookUITests.swift */,
				BBEE89C725924A4200D7D618 /* Info.plist */,
			);
			path = facebookUITests;
			sourceTree = "<group>";
		};
/* End PBXGroup section */

/* Begin PBXNativeTarget section */
		BBEE89A425924A4100D7D618 /* facebook */ = {
			isa = PBXNativeTarget;
			buildConfigurationList = BBEE89CA25924A4200D7D618 /* Build configuration list for PBXNativeTarget "facebook" */;
			buildPhases = (
				BBEE89A125924A4100D7D618 /* Sources */,
				BBEE89A225924A4100D7D618 /* Frameworks */,
				BBEE89A325924A4100D7D618 /* Resources */,
			);
			buildRules = (
			);
			dependencies = (
			);
			name = facebook;
			productName = facebook;
			productReference = BBEE89A525924A4100D7D618 /* facebook.app */;
			productType = "com.apple.product-type.application";
		};
		BBEE89B525924A4200D7D618 /* facebookTests */ = {
			isa = PBXNativeTarget;
			buildConfigurationList = BBEE89CD25924A4200D7D618 /* Build configuration list for PBXNativeTarget "facebookTests" */;
			buildPhases = (
				BBEE89B225924A4200D7D618 /* Sources */,
				BBEE89B325924A4200D7D618 /* Frameworks */,
				BBEE89B425924A4200D7D618 /* Resources */,
			);
			buildRules = (
			);
			dependencies = (
				BBEE89B825924A4200D7D618 /* PBXTargetDependency */,
			);
			name = facebookTests;
			productName = facebookTests;
			productReference = BBEE89B625924A4200D7D618 /* facebookTests.xctest */;
			productType = "com.apple.product-type.bundle.unit-test";
		};
		BBEE89C025924A4200D7D618 /* facebookUITests */ = {
			isa = PBXNativeTarget;
			buildConfigurationList = BBEE89D025924A4200D7D618 /* Build configuration list for PBXNativeTarget "facebookUITests" */;
			buildPhases = (
				BBEE89BD25924A4200D7D618 /* Sources */,
				BBEE89BE25924A4200D7D618 /* Frameworks */,
				BBEE89BF25924A4200D7D618 /* Resources */,
			);
			buildRules = (
			);
			dependencies = (
				BBEE89C325924A4200D7D618 /* PBXTargetDependency */,
			);
			name = facebookUITests;
			productName = facebookUITests;
			productReference = BBEE89C125924A4200D7D618 /* facebookUITests.xctest */;
			productType = "com.apple.product-type.bundle.ui-testing";
		};
/* End PBXNativeTarget section */

/* Begin PBXProject section */
		BBEE899D25924A4100D7D618 /* Project object */ = {
			isa = PBXProject;
			attributes = {
				LastSwiftUpdateCheck = 1230;
				LastUpgradeCheck = 1230;
				TargetAttributes = {
					BBEE89A425924A4100D7D618 = {
						CreatedOnToolsVersion = 12.3;
					};
					BBEE89B525924A4200D7D618 = {
						CreatedOnToolsVersion = 12.3;
						TestTargetID = BBEE89A425924A4100D7D618;
					};
					BBEE89C025924A4200D7D618 = {
						CreatedOnToolsVersion = 12.3;
						TestTargetID = BBEE89A425924A4100D7D618;
					};
				};
			};
			buildConfigurationList = BBEE89A025924A4100D7D618 /* Build configuration list for PBXProject "facebook" */;
			compatibilityVersion = "Xcode 9.3";
			developmentRegion = en;
			hasScannedForEncodings = 0;
			knownRegions = (
				en,
				Base,
			);
			mainGroup = BBEE899C25924A4100D7D618;
			productRefGroup = BBEE89A625924A4100D7D618 /* Products */;
			projectDirPath = "";
			projectRoot = "";
			targets = (
				BBEE89A425924A4100D7D618 /* facebook */,
				BBEE89B525924A4200D7D618 /* facebookTests */,
				BBEE89C025924A4200D7D618 /* facebookUITests */,
			);
		};
/* End PBXProject section */

/* Begin PBXResourcesBuildPhase section */
		BBEE89A325924A4100D7D618 /* Resources */ = {
			isa = PBXResourcesBuildPhase;
			buildActionMask = 2147483647;
			files = (
				BBEE89B025924A4200D7D618 /* Preview Assets.xcassets in Resources */,
				BBEE89AD25924A4200D7D618 /* Assets.xcassets in Resources */,
			);
			runOnlyForDeploymentPostprocessing = 0;
		};
		BBEE89B425924A4200D7D618 /* Resources */ = {
			isa = PBXResourcesBuildPhase;
			buildActionMask = 2147483647;
			files = (
			);
			runOnlyForDeploymentPostprocessing = 0;
		};
		BBEE89BF25924A4200D7D618 /* Resources */ = {
			isa = PBXResourcesBuildPhase;
			buildActionMask = 2147483647;
			files = (
			);
			runOnlyForDeploymentPostprocessing = 0;
		};
/* End PBXResourcesBuildPhase section */

/* Begin PBXSourcesBuildPhase section */
		BBEE89A125924A4100D7D618 /* Sources */ = {
			isa = PBXSourcesBuildPhase;
			buildActionMask = 2147483647;
			files = (
				BB167B862592B7F100FA10B8 /* StoriesView.swift in Sources */,
				BB167B902592BABA00FA10B8 /* HeaderView.swift in Sources */,
				BBEE89AB25924A4100D7D618 /* ContentView.swift in Sources */,
				BB167B7E2592B17300FA10B8 /* PostView.swift in Sources */,
				BBEE89A925924A4100D7D618 /* facebookApp.swift in Sources */,
				BB167B8B2592B9E900FA10B8 /* SearchFieldView.swift in Sources */,
			);
			runOnlyForDeploymentPostprocessing = 0;
		};
		BBEE89B225924A4200D7D618 /* Sources */ = {
			isa = PBXSourcesBuildPhase;
			buildActionMask = 2147483647;
			files = (
				BBEE89BB25924A4200D7D618 /* facebookTests.swift in Sources */,
			);
			runOnlyForDeploymentPostprocessing = 0;
		};
		BBEE89BD25924A4200D7D618 /* Sources */ = {
			isa = PBXSourcesBuildPhase;
			buildActionMask = 2147483647;
			files = (
				BBEE89C625924A4200D7D618 /* facebookUITests.swift in Sources */,
			);
			runOnlyForDeploymentPostprocessing = 0;
		};
/* End PBXSourcesBuildPhase section */

/* Begin PBXTargetDependency section */
		BBEE89B825924A4200D7D618 /* PBXTargetDependency */ = {
			isa = PBXTargetDependency;
			target = BBEE89A425924A4100D7D618 /* facebook */;
			targetProxy = BBEE89B725924A4200D7D618 /* PBXContainerItemProxy */;
		};
		BBEE89C325924A4200D7D618 /* PBXTargetDependency */ = {
			isa = PBXTargetDependency;
			target = BBEE89A425924A4100D7D618 /* facebook */;
			targetProxy = BBEE89C225924A4200D7D618 /* PBXContainerItemProxy */;
		};
/* End PBXTargetDependency section */

/* Begin XCBuildConfiguration section */
		BBEE89C825924A4200D7D618 /* Debug */ = {
			isa = XCBuildConfiguration;
			buildSettings = {
				ALWAYS_SEARCH_USER_PATHS = NO;
				CLANG_ANALYZER_NONNULL = YES;
				CLANG_ANALYZER_NUMBER_OBJECT_CONVERSION = YES_AGGRESSIVE;
				CLANG_CXX_LANGUAGE_STANDARD = "gnu++14";
				CLANG_CXX_LIBRARY = "libc++";
				CLANG_ENABLE_MODULES = YES;
				CLANG_ENABLE_OBJC_ARC = YES;
				CLANG_ENABLE_OBJC_WEAK = YES;
				CLANG_WARN_BLOCK_CAPTURE_AUTORELEASING = YES;
				CLANG_WARN_BOOL_CONVERSION = YES;
				CLANG_WARN_COMMA = YES;
				CLANG_WARN_CONSTANT_CONVERSION = YES;
				CLANG_WARN_DEPRECATED_OBJC_IMPLEMENTATIONS = YES;
				CLANG_WARN_DIRECT_OBJC_ISA_USAGE = YES_ERROR;
				CLANG_WARN_DOCUMENTATION_COMMENTS = YES;
				CLANG_WARN_EMPTY_BODY = YES;
				CLANG_WARN_ENUM_CONVERSION = YES;
				CLANG_WARN_INFINITE_RECURSION = YES;
				CLANG_WARN_INT_CONVERSION = YES;
				CLANG_WARN_NON_LITERAL_NULL_CONVERSION = YES;
				CLANG_WARN_OBJC_IMPLICIT_RETAIN_SELF = YES;
				CLANG_WARN_OBJC_LITERAL_CONVERSION = YES;
				CLANG_WARN_OBJC_ROOT_CLASS = YES_ERROR;
				CLANG_WARN_QUOTED_INCLUDE_IN_FRAMEWORK_HEADER = YES;
				CLANG_WARN_RANGE_LOOP_ANALYSIS = YES;
				CLANG_WARN_STRICT_PROTOTYPES = YES;
				CLANG_WARN_SUSPICIOUS_MOVE = YES;
				CLANG_WARN_UNGUARDED_AVAILABILITY = YES_AGGRESSIVE;
				CLANG_WARN_UNREACHABLE_CODE = YES;
				CLANG_WARN__DUPLICATE_METHOD_MATCH = YES;
				COPY_PHASE_STRIP = NO;
				DEBUG_INFORMATION_FORMAT = dwarf;
				ENABLE_STRICT_OBJC_MSGSEND = YES;
				ENABLE_TESTABILITY = YES;
				GCC_C_LANGUAGE_STANDARD = gnu11;
				GCC_DYNAMIC_NO_PIC = NO;
				GCC_NO_COMMON_BLOCKS = YES;
				GCC_OPTIMIZATION_LEVEL = 0;
				GCC_PREPROCESSOR_DEFINITIONS = (
					"DEBUG=1",
					"$(inherited)",
				);
				GCC_WARN_64_TO_32_BIT_CONVERSION = YES;
				GCC_WARN_ABOUT_RETURN_TYPE = YES_ERROR;
				GCC_WARN_UNDECLARED_SELECTOR = YES;
				GCC_WARN_UNINITIALIZED_AUTOS = YES_AGGRESSIVE;
				GCC_WARN_UNUSED_FUNCTION = YES;
				GCC_WARN_UNUSED_VARIABLE = YES;
				IPHONEOS_DEPLOYMENT_TARGET = 14.3;
				MTL_ENABLE_DEBUG_INFO = INCLUDE_SOURCE;
				MTL_FAST_MATH = YES;
				ONLY_ACTIVE_ARCH = YES;
				SDKROOT = iphoneos;
				SWIFT_ACTIVE_COMPILATION_CONDITIONS = DEBUG;
				SWIFT_OPTIMIZATION_LEVEL = "-Onone";
			};
			name = Debug;
		};
		BBEE89C925924A4200D7D618 /* Release */ = {
			isa = XCBuildConfiguration;
			buildSettings = {
				ALWAYS_SEARCH_USER_PATHS = NO;
				CLANG_ANALYZER_NONNULL = YES;
				CLANG_ANALYZER_NUMBER_OBJECT_CONVERSION = YES_AGGRESSIVE;
				CLANG_CXX_LANGUAGE_STANDARD = "gnu++14";
				CLANG_CXX_LIBRARY = "libc++";
				CLANG_ENABLE_MODULES = YES;
				CLANG_ENABLE_OBJC_ARC = YES;
				CLANG_ENABLE_OBJC_WEAK = YES;
				CLANG_WARN_BLOCK_CAPTURE_AUTORELEASING = YES;
				CLANG_WARN_BOOL_CONVERSION = YES;
				CLANG_WARN_COMMA = YES;
				CLANG_WARN_CONSTANT_CONVERSION = YES;
				CLANG_WARN_DEPRECATED_OBJC_IMPLEMENTATIONS = YES;
				CLANG_WARN_DIRECT_OBJC_ISA_USAGE = YES_ERROR;
				CLANG_WARN_DOCUMENTATION_COMMENTS = YES;
				CLANG_WARN_EMPTY_BODY = YES;
				CLANG_WARN_ENUM_CONVERSION = YES;
				CLANG_WARN_INFINITE_RECURSION = YES;
				CLANG_WARN_INT_CONVERSION = YES;
				CLANG_WARN_NON_LITERAL_NULL_CONVERSION = YES;
				CLANG_WARN_OBJC_IMPLICIT_RETAIN_SELF = YES;
				CLANG_WARN_OBJC_LITERAL_CONVERSION = YES;
				CLANG_WARN_OBJC_ROOT_CLASS = YES_ERROR;
				CLANG_WARN_QUOTED_INCLUDE_IN_FRAMEWORK_HEADER = YES;
				CLANG_WARN_RANGE_LOOP_ANALYSIS = YES;
				CLANG_WARN_STRICT_PROTOTYPES = YES;
				CLANG_WARN_SUSPICIOUS_MOVE = YES;
				CLANG_WARN_UNGUARDED_AVAILABILITY = YES_AGGRESSIVE;
				CLANG_WARN_UNREACHABLE_CODE = YES;
				CLANG_WARN__DUPLICATE_METHOD_MATCH = YES;
				COPY_PHASE_STRIP = NO;
				DEBUG_INFORMATION_FORMAT = "dwarf-with-dsym";
				ENABLE_NS_ASSERTIONS = NO;
				ENABLE_STRICT_OBJC_MSGSEND = YES;
				GCC_C_LANGUAGE_STANDARD = gnu11;
				GCC_NO_COMMON_BLOCKS = YES;
				GCC_WARN_64_TO_32_BIT_CONVERSION = YES;
				GCC_WARN_ABOUT_RETURN_TYPE = YES_ERROR;
				GCC_WARN_UNDECLARED_SELECTOR = YES;
				GCC_WARN_UNINITIALIZED_AUTOS = YES_AGGRESSIVE;
				GCC_WARN_UNUSED_FUNCTION = YES;
				GCC_WARN_UNUSED_VARIABLE = YES;
				IPHONEOS_DEPLOYMENT_TARGET = 14.3;
				MTL_ENABLE_DEBUG_INFO = NO;
				MTL_FAST_MATH = YES;
				SDKROOT = iphoneos;
				SWIFT_COMPILATION_MODE = wholemodule;
				SWIFT_OPTIMIZATION_LEVEL = "-O";
				VALIDATE_PRODUCT = YES;
			};
			name = Release;
		};
		BBEE89CB25924A4200D7D618 /* Debug */ = {
			isa = XCBuildConfiguration;
			buildSettings = {
				ASSETCATALOG_COMPILER_APPICON_NAME = AppIcon;
				ASSETCATALOG_COMPILER_GLOBAL_ACCENT_COLOR_NAME = AccentColor;
				CODE_SIGN_STYLE = Automatic;
				DEVELOPMENT_ASSET_PATHS = "\"facebook/Preview Content\"";
				DEVELOPMENT_TEAM = 35MYSJX7UT;
				ENABLE_PREVIEWS = YES;
				INFOPLIST_FILE = facebook/Info.plist;
				IPHONEOS_DEPLOYMENT_TARGET = 14.0;
				LD_RUNPATH_SEARCH_PATHS = (
					"$(inherited)",
					"@executable_path/Frameworks",
				);
				PRODUCT_BUNDLE_IDENTIFIER = com.blck.team.facebook;
				PRODUCT_NAME = "$(TARGET_NAME)";
				SWIFT_VERSION = 5.0;
				TARGETED_DEVICE_FAMILY = "1,2";
			};
			name = Debug;
		};
		BBEE89CC25924A4200D7D618 /* Release */ = {
			isa = XCBuildConfiguration;
			buildSettings = {
				ASSETCATALOG_COMPILER_APPICON_NAME = AppIcon;
				ASSETCATALOG_COMPILER_GLOBAL_ACCENT_COLOR_NAME = AccentColor;
				CODE_SIGN_STYLE = Automatic;
				DEVELOPMENT_ASSET_PATHS = "\"facebook/Preview Content\"";
				DEVELOPMENT_TEAM = 35MYSJX7UT;
				ENABLE_PREVIEWS = YES;
				INFOPLIST_FILE = facebook/Info.plist;
				IPHONEOS_DEPLOYMENT_TARGET = 14.0;
				LD_RUNPATH_SEARCH_PATHS = (
					"$(inherited)",
					"@executable_path/Frameworks",
				);
				PRODUCT_BUNDLE_IDENTIFIER = com.blck.team.facebook;
				PRODUCT_NAME = "$(TARGET_NAME)";
				SWIFT_VERSION = 5.0;
				TARGETED_DEVICE_FAMILY = "1,2";
			};
			name = Release;
		};
		BBEE89CE25924A4200D7D618 /* Debug */ = {
			isa = XCBuildConfiguration;
			buildSettings = {
				ALWAYS_EMBED_SWIFT_STANDARD_LIBRARIES = YES;
				BUNDLE_LOADER = "$(TEST_HOST)";
				CODE_SIGN_STYLE = Automatic;
				DEVELOPMENT_TEAM = 35MYSJX7UT;
				INFOPLIST_FILE = facebookTests/Info.plist;
				IPHONEOS_DEPLOYMENT_TARGET = 14.0;
				LD_RUNPATH_SEARCH_PATHS = (
					"$(inherited)",
					"@executable_path/Frameworks",
					"@loader_path/Frameworks",
				);
				PRODUCT_BUNDLE_IDENTIFIER = com.blck.team.facebookTests;
				PRODUCT_NAME = "$(TARGET_NAME)";
				SWIFT_VERSION = 5.0;
				TARGETED_DEVICE_FAMILY = "1,2";
				TEST_HOST = "$(BUILT_PRODUCTS_DIR)/facebook.app/facebook";
			};
			name = Debug;
		};
		BBEE89CF25924A4200D7D618 /* Release */ = {
			isa = XCBuildConfiguration;
			buildSettings = {
				ALWAYS_EMBED_SWIFT_STANDARD_LIBRARIES = YES;
				BUNDLE_LOADER = "$(TEST_HOST)";
				CODE_SIGN_STYLE = Automatic;
				DEVELOPMENT_TEAM = 35MYSJX7UT;
				INFOPLIST_FILE = facebookTests/Info.plist;
				IPHONEOS_DEPLOYMENT_TARGET = 14.0;
				LD_RUNPATH_SEARCH_PATHS = (
					"$(inherited)",
					"@executable_path/Frameworks",
					"@loader_path/Frameworks",
				);
				PRODUCT_BUNDLE_IDENTIFIER = com.blck.team.facebookTests;
				PRODUCT_NAME = "$(TARGET_NAME)";
				SWIFT_VERSION = 5.0;
				TARGETED_DEVICE_FAMILY = "1,2";
				TEST_HOST = "$(BUILT_PRODUCTS_DIR)/facebook.app/facebook";
			};
			name = Release;
		};
		BBEE89D125924A4200D7D618 /* Debug */ = {
			isa = XCBuildConfiguration;
			buildSettings = {
				ALWAYS_EMBED_SWIFT_STANDARD_LIBRARIES = YES;
				CODE_SIGN_STYLE = Automatic;
				DEVELOPMENT_TEAM = 35MYSJX7UT;
				INFOPLIST_FILE = facebookUITests/Info.plist;
				LD_RUNPATH_SEARCH_PATHS = (
					"$(inherited)",
					"@executable_path/Frameworks",
					"@loader_path/Frameworks",
				);
				PRODUCT_BUNDLE_IDENTIFIER = com.blck.team.facebookUITests;
				PRODUCT_NAME = "$(TARGET_NAME)";
				SWIFT_VERSION = 5.0;
				TARGETED_DEVICE_FAMILY = "1,2";
				TEST_TARGET_NAME = facebook;
			};
			name = Debug;
		};
		BBEE89D225924A4200D7D618 /* Release */ = {
			isa = XCBuildConfiguration;
			buildSettings = {
				ALWAYS_EMBED_SWIFT_STANDARD_LIBRARIES = YES;
				CODE_SIGN_STYLE = Automatic;
				DEVELOPMENT_TEAM = 35MYSJX7UT;
				INFOPLIST_FILE = facebookUITests/Info.plist;
				LD_RUNPATH_SEARCH_PATHS = (
					"$(inherited)",
					"@executable_path/Frameworks",
					"@loader_path/Frameworks",
				);
				PRODUCT_BUNDLE_IDENTIFIER = com.blck.team.facebookUITests;
				PRODUCT_NAME = "$(TARGET_NAME)";
				SWIFT_VERSION = 5.0;
				TARGETED_DEVICE_FAMILY = "1,2";
				TEST_TARGET_NAME = facebook;
			};
			name = Release;
		};
/* End XCBuildConfiguration section */

/* Begin XCConfigurationList section */
		BBEE89A025924A4100D7D618 /* Build configuration list for PBXProject "facebook" */ = {
			isa = XCConfigurationList;
			buildConfigurations = (
				BBEE89C825924A4200D7D618 /* Debug */,
				BBEE89C925924A4200D7D618 /* Release */,
			);
			defaultConfigurationIsVisible = 0;
			defaultConfigurationName = Release;
		};
		BBEE89CA25924A4200D7D618 /* Build configuration list for PBXNativeTarget "facebook" */ = {
			isa = XCConfigurationList;
			buildConfigurations = (
				BBEE89CB25924A4200D7D618 /* Debug */,
				BBEE89CC25924A4200D7D618 /* Release */,
			);
			defaultConfigurationIsVisible = 0;
			defaultConfigurationName = Release;
		};
		BBEE89CD25924A4200D7D618 /* Build configuration list for PBXNativeTarget "facebookTests" */ = {
			isa = XCConfigurationList;
			buildConfigurations = (
				BBEE89CE25924A4200D7D618 /* Debug */,
				BBEE89CF25924A4200D7D618 /* Release */,
			);
			defaultConfigurationIsVisible = 0;
			defaultConfigurationName = Release;
		};
		BBEE89D025924A4200D7D618 /* Build configuration list for PBXNativeTarget "facebookUITests" */ = {
			isa = XCConfigurationList;
			buildConfigurations = (
				BBEE89D125924A4200D7D618 /* Debug */,
				BBEE89D225924A4200D7D618 /* Release */,
			);
			defaultConfigurationIsVisible = 0;
			defaultConfigurationName = Release;
		};
/* End XCConfigurationList section */
	};
	rootObject = BBEE899D25924A4100D7D618 /* Project object */;
}
